
Microsoft Visual Studio Solution File, Format Version 12.00
# Visual Studio Version 17
VisualStudioVersion = 17.14.37301.10 d17.14
MinimumVisualStudioVersion = 10.0.40219.1
Project("{8BC9CEB8-8B4A-11D0-8D11-00A0C91BC942}") = "main", "main\main.vcxproj", "{5D58CB9A-43C5-4767-B47A-4D6083C6C994}"
EndProject
Global
	GlobalSection(SolutionConfigurationPlatforms) = preSolution
		Debug|x64 = Debug|x64
		Debug|x86 = Debug|x86
		Release|x64 = Release|x64
		Release|x86 = Release|x86
	EndGlobalSection
	GlobalSection(ProjectConfigurationPlatforms) = postSolution
		{5D58CB9A-43C5-4767-B47A-4D6083C6C994}.Debug|x64.ActiveCfg = Debug|x64
		{5D58CB9A-43C5-4767-B47A-4D6083C6C994}.Debug|x64.Build.0 = Debug|x64
		{5D58CB9A-43C5-4767-B47A-4D6083C6C994}.Debug|x86.ActiveCfg = Debug|Win32
		{5D58CB9A-43C5-4767-B47A-4D6083C6C994}.Debug|x86.Build.0 = Debug|Win32
		{5D58CB9A-43C5-4767-B47A-4D6083C6C994}.Release|x64.ActiveCfg = Release|x64
		{5D58CB9A-43C5-4767-B47A-4D6083C6C994}.Release|x64.Build.0 = Release|x64
		{5D58CB9A-43C5-4767-B47A-4D6083C6C994}.Release|x86.ActiveCfg = Release|Win32
		{5D58CB9A-43C5-4767-B47A-4D6083C6C994}.Release|x86.Build.0 = Release|Win32
	EndGlobalSection
	GlobalSection(SolutionProperties) = preSolution
		HideSolutionNode = FALSE
	EndGlobalSection
	GlobalSection(ExtensibilityGlobals) = postSolution
		SolutionGuid = {14CEC2A6-D60B-45AE-86F7-EDB63F562671}
	EndGlobalSection
EndGlobal
