
Microsoft Visual Studio Solution File, Format Version 12.00
# Visual Studio Version 17
VisualStudioVersion = 17.14.37301.10 d17.14
MinimumVisualStudioVersion = 10.0.40219.1
Project("{8BC9CEB8-8B4A-11D0-8D11-00A0C91BC942}") = "unit8-1", "unit8-1\unit8-1.vcxproj", "{DE44CAB6-A924-4906-A5C2-B964BC4FA16E}"
EndProject
Global
	GlobalSection(SolutionConfigurationPlatforms) = preSolution
		Debug|x64 = Debug|x64
		Debug|x86 = Debug|x86
		Release|x64 = Release|x64
		Release|x86 = Release|x86
	EndGlobalSection
	GlobalSection(ProjectConfigurationPlatforms) = postSolution
		{DE44CAB6-A924-4906-A5C2-B964BC4FA16E}.Debug|x64.ActiveCfg = Debug|x64
		{DE44CAB6-A924-4906-A5C2-B964BC4FA16E}.Debug|x64.Build.0 = Debug|x64
		{DE44CAB6-A924-4906-A5C2-B964BC4FA16E}.Debug|x86.ActiveCfg = Debug|Win32
		{DE44CAB6-A924-4906-A5C2-B964BC4FA16E}.Debug|x86.Build.0 = Debug|Win32
		{DE44CAB6-A924-4906-A5C2-B964BC4FA16E}.Release|x64.ActiveCfg = Release|x64
		{DE44CAB6-A924-4906-A5C2-B964BC4FA16E}.Release|x64.Build.0 = Release|x64
		{DE44CAB6-A924-4906-A5C2-B964BC4FA16E}.Release|x86.ActiveCfg = Release|Win32
		{DE44CAB6-A924-4906-A5C2-B964BC4FA16E}.Release|x86.Build.0 = Release|Win32
	EndGlobalSection
	GlobalSection(SolutionProperties) = preSolution
		HideSolutionNode = FALSE
	EndGlobalSection
	GlobalSection(ExtensibilityGlobals) = postSolution
		SolutionGuid = {6B13AC16-3572-46AC-9EE3-B4810A0E5C19}
	EndGlobalSection
EndGlobal
